
Microsoft Visual Studio Solution File, Format Version 12.00
# Visual Studio Version 17
VisualStudioVersion = 17.9.34701.34
MinimumVisualStudioVersion = 10.0.40219.1
Project("{FAE04EC0-301F-11D3-BF4B-00C04F79EFBC}") = "Plantillas", "Plantillas\Plantillas.csproj", "{3E06095F-08D8-425B-A9FD-0B4C88A30DEA}"
EndProject
Global
	GlobalSection(SolutionConfigurationPlatforms) = preSolution
		Debug|Any CPU = Debug|Any CPU
		Release|Any CPU = Release|Any CPU
	EndGlobalSection
	GlobalSection(ProjectConfigurationPlatforms) = postSolution
		{3E06095F-08D8-425B-A9FD-0B4C88A30DEA}.Debug|Any CPU.ActiveCfg = Debug|Any CPU
		{3E06095F-08D8-425B-A9FD-0B4C88A30DEA}.Debug|Any CPU.Build.0 = Debug|Any CPU
		{3E06095F-08D8-425B-A9FD-0B4C88A30DEA}.Release|Any CPU.ActiveCfg = Release|Any CPU
		{3E06095F-08D8-425B-A9FD-0B4C88A30DEA}.Release|Any CPU.Build.0 = Release|Any CPU
	EndGlobalSection
	GlobalSection(SolutionProperties) = preSolution
		HideSolutionNode = FALSE
	EndGlobalSection
	GlobalSection(ExtensibilityGlobals) = postSolution
		SolutionGuid = {02227F90-E463-4DDD-974C-14135B0156D3}
	EndGlobalSection
EndGlobal
